
Microsoft Visual Studio Solution File, Format Version 12.00
# Visual Studio 15
VisualStudioVersion = 15.0.27004.2009
MinimumVisualStudioVersion = 10.0.40219.1
Project("{9A19103F-16F7-4668-BE54-9A1E7A4F7556}") = "ReactCoreRegular", "ReactCoreRegular\ReactCoreRegular.csproj", "{EA7763F8-6E50-429A-95B4-3E139EED169F}"
EndProject
Global
	GlobalSection(SolutionConfigurationPlatforms) = preSolution
		Debug|Any CPU = Debug|Any CPU
		Release|Any CPU = Release|Any CPU
	EndGlobalSection
	GlobalSection(ProjectConfigurationPlatforms) = postSolution
		{EA7763F8-6E50-429A-95B4-3E139EED169F}.Debug|Any CPU.ActiveCfg = Debug|Any CPU
		{EA7763F8-6E50-429A-95B4-3E139EED169F}.Debug|Any CPU.Build.0 = Debug|Any CPU
		{EA7763F8-6E50-429A-95B4-3E139EED169F}.Release|Any CPU.ActiveCfg = Release|Any CPU
		{EA7763F8-6E50-429A-95B4-3E139EED169F}.Release|Any CPU.Build.0 = Release|Any CPU
	EndGlobalSection
	GlobalSection(SolutionProperties) = preSolution
		HideSolutionNode = FALSE
	EndGlobalSection
	GlobalSection(ExtensibilityGlobals) = postSolution
		SolutionGuid = {0B5914B8-D5CE-4DE0-97F0-E238F4735AFD}
	EndGlobalSection
EndGlobal
